
Microsoft Visual Studio Solution File, Format Version 12.00
# Visual Studio 14
VisualStudioVersion = 14.0.25420.1
MinimumVisualStudioVersion = 10.0.40219.1
Project("{FAE04EC0-301F-11D3-BF4B-00C04F79EFBC}") = "System.Threading.Extensions", "System.Threading.Extensions\System.Threading.Extensions.csproj", "{2CC8FEE6-C702-49EB-8FA3-4399D47BB756}"
EndProject
Project("{2150E333-8FDC-42A3-9474-1A3956D46DE8}") = "_Tests_", "_Tests_", "{9FB92CAA-184A-47A3-88DF-409DF2CEB69F}"
EndProject
Project("{FAE04EC0-301F-11D3-BF4B-00C04F79EFBC}") = "System.Threading.Extensions.Test", "System.Threading.Extensions.Test\System.Threading.Extensions.Test.csproj", "{4FA322AF-8493-45DC-A03E-91261AB1F526}"
EndProject
Project("{2150E333-8FDC-42A3-9474-1A3956D46DE8}") = "Solution Items", "Solution Items", "{854D6912-7367-4C81-9F7E-4309B92D2DD5}"
	ProjectSection(SolutionItems) = preProject
		LICENSE = LICENSE
		README.md = README.md
	EndProjectSection
EndProject
Global
	GlobalSection(SolutionConfigurationPlatforms) = preSolution
		Debug|Any CPU = Debug|Any CPU
		Release|Any CPU = Release|Any CPU
	EndGlobalSection
	GlobalSection(ProjectConfigurationPlatforms) = postSolution
		{2CC8FEE6-C702-49EB-8FA3-4399D47BB756}.Debug|Any CPU.ActiveCfg = Debug|Any CPU
		{2CC8FEE6-C702-49EB-8FA3-4399D47BB756}.Debug|Any CPU.Build.0 = Debug|Any CPU
		{2CC8FEE6-C702-49EB-8FA3-4399D47BB756}.Release|Any CPU.ActiveCfg = Release|Any CPU
		{2CC8FEE6-C702-49EB-8FA3-4399D47BB756}.Release|Any CPU.Build.0 = Release|Any CPU
		{4FA322AF-8493-45DC-A03E-91261AB1F526}.Debug|Any CPU.ActiveCfg = Debug|Any CPU
		{4FA322AF-8493-45DC-A03E-91261AB1F526}.Debug|Any CPU.Build.0 = Debug|Any CPU
		{4FA322AF-8493-45DC-A03E-91261AB1F526}.Release|Any CPU.ActiveCfg = Release|Any CPU
		{4FA322AF-8493-45DC-A03E-91261AB1F526}.Release|Any CPU.Build.0 = Release|Any CPU
	EndGlobalSection
	GlobalSection(SolutionProperties) = preSolution
		HideSolutionNode = FALSE
	EndGlobalSection
	GlobalSection(NestedProjects) = preSolution
		{4FA322AF-8493-45DC-A03E-91261AB1F526} = {9FB92CAA-184A-47A3-88DF-409DF2CEB69F}
	EndGlobalSection
EndGlobal
